
Microsoft Visual Studio Solution File, Format Version 12.00
# Visual Studio 15
VisualStudioVersion = 15.0.27703.2042
MinimumVisualStudioVersion = 10.0.40219.1
Project("{9A19103F-16F7-4668-BE54-9A1E7A4F7556}") = "Azure Table Performance Test", "Azure Table Performance Test\Azure Table Performance Test.csproj", "{EBCC9644-5089-400D-998A-5A94C21ED0EC}"
EndProject
Global
	GlobalSection(SolutionConfigurationPlatforms) = preSolution
		Debug|Any CPU = Debug|Any CPU
		Release|Any CPU = Release|Any CPU
	EndGlobalSection
	GlobalSection(ProjectConfigurationPlatforms) = postSolution
		{EBCC9644-5089-400D-998A-5A94C21ED0EC}.Debug|Any CPU.ActiveCfg = Debug|Any CPU
		{EBCC9644-5089-400D-998A-5A94C21ED0EC}.Debug|Any CPU.Build.0 = Debug|Any CPU
		{EBCC9644-5089-400D-998A-5A94C21ED0EC}.Release|Any CPU.ActiveCfg = Release|Any CPU
		{EBCC9644-5089-400D-998A-5A94C21ED0EC}.Release|Any CPU.Build.0 = Release|Any CPU
	EndGlobalSection
	GlobalSection(SolutionProperties) = preSolution
		HideSolutionNode = FALSE
	EndGlobalSection
	GlobalSection(ExtensibilityGlobals) = postSolution
		SolutionGuid = {EA2997BA-7645-4449-86B5-182B645FD1FA}
	EndGlobalSection
EndGlobal
